<?xml version="1.0" encoding="utf-8"?>
<Project ToolsVersion="4.0" xmlns="http://schemas.microsoft.com/developer/msbuild/2003">
  <ItemGroup>
    <ClCompile Include="src\ofApp.cpp">
      <Filter>src</Filter>
    </ClCompile>
    <ClCompile Include="src\main.cpp">
      <Filter>src</Filter>
    </ClCompile>
    <ClCompile Include="src\AnalyserMenu.cpp">
      <Filter>src</Filter>
    </ClCompile>
    <ClCompile Include="src\Analyser\Controller.cpp">
      <Filter>src\Analyser</Filter>
    </ClCompile>
    <ClCompile Include="src\Analyser\GenAnalysis.cpp">
      <Filter>src\Analyser</Filter>
    </ClCompile>
    <ClCompile Include="src\Analyser\UMAP.cpp">
      <Filter>src\Analyser</Filter>
    </ClCompile>
    <ClCompile Include="src\ExplorerMenu.cpp">
      <Filter>src</Filter>
    </ClCompile>
    <ClCompile Include="src\Explorer\LiveView.cpp">
      <Filter>src\Explorer</Filter>
    </ClCompile>
    <ClCompile Include="src\Explorer\RawView.cpp">
      <Filter>src\Explorer</Filter>
    </ClCompile>
    <ClCompile Include="src\Utils\JSON.cpp">
      <Filter>src\Utils</Filter>
    </ClCompile>
    <ClCompile Include="src\main.cpp">
      <Filter>src</Filter>
    </ClCompile>
    <ClCompile Include="src\ofApp.cpp">
      <Filter>src</Filter>
    </ClCompile>
    <ClCompile Include="..\..\..\addons\ofxAudioFile\src\ofxAudioFile.cpp">
      <Filter>addons\ofxAudioFile\src</Filter>
    </ClCompile>
    <ClCompile Include="..\..\..\addons\ofxDropdown\src\ofxDropdown.cpp">
      <Filter>addons\ofxDropdown\src</Filter>
    </ClCompile>
    <ClCompile Include="..\..\..\addons\ofxDropdown\src\ofxDropdownOption.cpp">
      <Filter>addons\ofxDropdown\src</Filter>
    </ClCompile>
    <ClCompile Include="..\..\..\addons\ofxGui\src\ofxBaseGui.cpp">
      <Filter>addons\ofxGui\src</Filter>
    </ClCompile>
    <ClCompile Include="..\..\..\addons\ofxGui\src\ofxButton.cpp">
      <Filter>addons\ofxGui\src</Filter>
    </ClCompile>
    <ClCompile Include="..\..\..\addons\ofxGui\src\ofxColorPicker.cpp">
      <Filter>addons\ofxGui\src</Filter>
    </ClCompile>
    <ClCompile Include="..\..\..\addons\ofxGui\src\ofxGuiGroup.cpp">
      <Filter>addons\ofxGui\src</Filter>
    </ClCompile>
    <ClCompile Include="..\..\..\addons\ofxGui\src\ofxInputField.cpp">
      <Filter>addons\ofxGui\src</Filter>
    </ClCompile>
    <ClCompile Include="..\..\..\addons\ofxGui\src\ofxLabel.cpp">
      <Filter>addons\ofxGui\src</Filter>
    </ClCompile>
    <ClCompile Include="..\..\..\addons\ofxGui\src\ofxPanel.cpp">
      <Filter>addons\ofxGui\src</Filter>
    </ClCompile>
    <ClCompile Include="..\..\..\addons\ofxGui\src\ofxSlider.cpp">
      <Filter>addons\ofxGui\src</Filter>
    </ClCompile>
    <ClCompile Include="..\..\..\addons\ofxGui\src\ofxSliderGroup.cpp">
      <Filter>addons\ofxGui\src</Filter>
    </ClCompile>
    <ClCompile Include="..\..\..\addons\ofxGui\src\ofxToggle.cpp">
      <Filter>addons\ofxGui\src</Filter>
    </ClCompile>
    <ClCompile Include="src\Explorer\PointPicker.cpp">
      <Filter>src\Explorer</Filter>
    </ClCompile>
    <ClCompile Include="src\Utils\DatasetConversion.cpp">
      <Filter>src\Utils</Filter>
    </ClCompile>
    <ClCompile Include="src\Utils\AudioFileLoader.cpp">
      <Filter>src\Utils</Filter>
    </ClCompile>
    <ClCompile Include="src\Explorer\AudioPlayback.cpp">
      <Filter>src\Explorer</Filter>
    </ClCompile>
  </ItemGroup>
  <ItemGroup>
    <Filter Include="src">
      <UniqueIdentifier>{d8376475-7454-4a24-b08a-aac121d3ad6f}</UniqueIdentifier>
    </Filter>
    <Filter Include="src\Analyser">
      <UniqueIdentifier>{15B12CF9--89A-5-4A-C8-B-71D-F44F3C65C242}</UniqueIdentifier>
    </Filter>
    <Filter Include="src\Explorer">
      <UniqueIdentifier>{14D6AD5A--010-0-41-0A-B-900-3E00E4948DD8}</UniqueIdentifier>
    </Filter>
    <Filter Include="src\Utils">
      <UniqueIdentifier>{C4C520C2--4A2-F-4F-2B-A-C0D-A63AB18E6DFA}</UniqueIdentifier>
    </Filter>
    <Filter Include="addons">
      <UniqueIdentifier>{EF25C8DD--70D-C-4D-F0-8-3DE-CCBED9578E1D}</UniqueIdentifier>
    </Filter>
    <Filter Include="addons\ofxAudioFile">
      <UniqueIdentifier>{793D79B7--59E-9-4C-F1-9-FC3-641E52A957C5}</UniqueIdentifier>
    </Filter>
    <Filter Include="addons\ofxAudioFile\src">
      <UniqueIdentifier>{8EC60AD7--68E-D-47-C6-B-080-23DA0DF75591}</UniqueIdentifier>
    </Filter>
    <Filter Include="addons\ofxAudioFile\libs">
      <UniqueIdentifier>{DFF18E41--17B-5-45-4C-A-EF3-EFD562F54669}</UniqueIdentifier>
    </Filter>
    <Filter Include="addons\ofxDropdown">
      <UniqueIdentifier>{47187C3B--933-D-4E-05-9-ABF-BA3B411D7DA2}</UniqueIdentifier>
    </Filter>
    <Filter Include="addons\ofxDropdown\src">
      <UniqueIdentifier>{0472ADA0--834-3-4B-C6-A-910-4F5E73B3C212}</UniqueIdentifier>
    </Filter>
    <Filter Include="addons\ofxGui">
      <UniqueIdentifier>{AD31EFFC--BA9-F-44-9D-9-8B7-8A6E3BE2743F}</UniqueIdentifier>
    </Filter>
    <Filter Include="addons\ofxGui\src">
      <UniqueIdentifier>{3961ABE6--737-D-4F-2D-A-EE4-C970580B5C57}</UniqueIdentifier>
    </Filter>
  </ItemGroup>
  <ItemGroup>
    <ClInclude Include="src\ofApp.h">
      <Filter>src</Filter>
    </ClInclude>
    <ClInclude Include="src\AnalyserMenu.h">
      <Filter>src</Filter>
    </ClInclude>
    <ClInclude Include="src\Analyser\Controller.h">
      <Filter>src\Analyser</Filter>
    </ClInclude>
    <ClInclude Include="src\Analyser\GenAnalysis.h">
      <Filter>src\Analyser</Filter>
    </ClInclude>
    <ClInclude Include="src\Analyser\UMAP.h">
      <Filter>src\Analyser</Filter>
    </ClInclude>
    <ClInclude Include="src\ExplorerMenu.h">
      <Filter>src</Filter>
    </ClInclude>
    <ClInclude Include="src\Explorer\LiveView.h">
      <Filter>src\Explorer</Filter>
    </ClInclude>
    <ClInclude Include="src\Explorer\RawView.h">
      <Filter>src\Explorer</Filter>
    </ClInclude>
    <ClInclude Include="src\Utils\Data.h">
      <Filter>src\Utils</Filter>
    </ClInclude>
    <ClInclude Include="src\Utils\InterfaceDefs.h">
      <Filter>src\Utils</Filter>
    </ClInclude>
    <ClInclude Include="src\Utils\JSON.h">
      <Filter>src\Utils</Filter>
    </ClInclude>
    <ClInclude Include="src\ofApp.h">
      <Filter>src</Filter>
    </ClInclude>
    <ClInclude Include="..\..\..\addons\ofxAudioFile\src\ofxAudioFile.h">
      <Filter>addons\ofxAudioFile\src</Filter>
    </ClInclude>
    <ClInclude Include="..\..\..\addons\ofxAudioFile\libs\dr_flac.h">
      <Filter>addons\ofxAudioFile\libs</Filter>
    </ClInclude>
    <ClInclude Include="..\..\..\addons\ofxAudioFile\libs\dr_mp3.h">
      <Filter>addons\ofxAudioFile\libs</Filter>
    </ClInclude>
    <ClInclude Include="..\..\..\addons\ofxAudioFile\libs\dr_wav.h">
      <Filter>addons\ofxAudioFile\libs</Filter>
    </ClInclude>
    <ClInclude Include="..\..\..\addons\ofxAudioFile\libs\stb_vorbis.h">
      <Filter>addons\ofxAudioFile\libs</Filter>
    </ClInclude>
    <ClInclude Include="..\..\..\addons\ofxDropdown\src\ofxDropdown.h">
      <Filter>addons\ofxDropdown\src</Filter>
    </ClInclude>
    <ClInclude Include="..\..\..\addons\ofxDropdown\src\ofxDropdownOption.hpp">
      <Filter>addons\ofxDropdown\src</Filter>
    </ClInclude>
    <ClInclude Include="..\..\..\addons\ofxGui\src\ofxBaseGui.h">
      <Filter>addons\ofxGui\src</Filter>
    </ClInclude>
    <ClInclude Include="..\..\..\addons\ofxGui\src\ofxButton.h">
      <Filter>addons\ofxGui\src</Filter>
    </ClInclude>
    <ClInclude Include="..\..\..\addons\ofxGui\src\ofxColorPicker.h">
      <Filter>addons\ofxGui\src</Filter>
    </ClInclude>
    <ClInclude Include="..\..\..\addons\ofxGui\src\ofxGui.h">
      <Filter>addons\ofxGui\src</Filter>
    </ClInclude>
    <ClInclude Include="..\..\..\addons\ofxGui\src\ofxGuiGroup.h">
      <Filter>addons\ofxGui\src</Filter>
    </ClInclude>
    <ClInclude Include="..\..\..\addons\ofxGui\src\ofxGuiUtils.h">
      <Filter>addons\ofxGui\src</Filter>
    </ClInclude>
    <ClInclude Include="..\..\..\addons\ofxGui\src\ofxInputField.h">
      <Filter>addons\ofxGui\src</Filter>
    </ClInclude>
    <ClInclude Include="..\..\..\addons\ofxGui\src\ofxLabel.h">
      <Filter>addons\ofxGui\src</Filter>
    </ClInclude>
    <ClInclude Include="..\..\..\addons\ofxGui\src\ofxPanel.h">
      <Filter>addons\ofxGui\src</Filter>
    </ClInclude>
    <ClInclude Include="..\..\..\addons\ofxGui\src\ofxSlider.h">
      <Filter>addons\ofxGui\src</Filter>
    </ClInclude>
    <ClInclude Include="..\..\..\addons\ofxGui\src\ofxSliderGroup.h">
      <Filter>addons\ofxGui\src</Filter>
    </ClInclude>
    <ClInclude Include="..\..\..\addons\ofxGui\src\ofxToggle.h">
      <Filter>addons\ofxGui\src</Filter>
    </ClInclude>
    <ClInclude Include="src\Utils\DatasetConversion.h">
      <Filter>src\Utils</Filter>
    </ClInclude>
    <ClInclude Include="src\Explorer\PointPicker.h">
      <Filter>src\Explorer</Filter>
    </ClInclude>
    <ClInclude Include="src\Utils\DimensionBounds.h">
      <Filter>src\Utils</Filter>
    </ClInclude>
    <ClInclude Include="src\Explorer\SpaceDefs.h">
      <Filter>src\Explorer</Filter>
    </ClInclude>
    <ClInclude Include="src\Utils\AudioFileLoader.h">
      <Filter>src\Utils</Filter>
    </ClInclude>
    <ClInclude Include="src\Explorer\AudioPlayback.h">
      <Filter>src\Explorer</Filter>
    </ClInclude>
  </ItemGroup>
  <ItemGroup>
    <ResourceCompile Include="icon.rc" />
  </ItemGroup>
</Project>