// !$*UTF8*$!
{
	archiveVersion = 1;
	classes = {
	};
	objectVersion = 54;
	objects = {

/* Begin PBXBuildFile section */
		"02142BB6-6B19-4F4F-91BB-F21842A2527C" /* ofxDropdown.cpp in Sources */ = {isa = PBXBuildFile; fileRef = "2C3AA27A-C23E-4BE7-A12F-57DE81E18A31" /* ofxDropdown.cpp */; };
		"02BD3443-AD5B-4DBC-A45C-CCBF2E3F7D03" /* ofxGuiGroup.cpp in Sources */ = {isa = PBXBuildFile; fileRef = "C3773A08-17E8-4ABD-84F9-BC91E22C331E" /* ofxGuiGroup.cpp */; };
		"19949035-3559-4285-BE7B-9C007178E4D7" /* DatasetConversion.cpp in Sources */ = {isa = PBXBuildFile; fileRef = "23B0128D-A418-4DBA-B00C-FB3128BC87B6" /* DatasetConversion.cpp */; };
		"1CF1A6E6-41C3-47BE-9424-D8DB9016E4E1" /* UMAP.cpp in Sources */ = {isa = PBXBuildFile; fileRef = "8A6B1D40-A668-46FC-89DA-FCE450814301" /* UMAP.cpp */; };
		"3F0E5FFB-057C-4154-B2D9-47470ECA8522" /* ofxAudioFile.cpp in Sources */ = {isa = PBXBuildFile; fileRef = "77FF71DC-524D-4F3C-8F09-52A5458B02A3" /* ofxAudioFile.cpp */; };
		"44177F94-4EE7-4ACD-828C-4485119E3452" /* AnalyserMenu.cpp in Sources */ = {isa = PBXBuildFile; fileRef = "45675A41-A897-4F8F-94DC-86672D152693" /* AnalyserMenu.cpp */; };
		"45A5F15C-7950-4381-A4D4-AF31F89FA729" /* ofxSlider.cpp in Sources */ = {isa = PBXBuildFile; fileRef = "AD99D1ED-FCBD-4162-BD01-8D20B2865633" /* ofxSlider.cpp */; };
		"4F1DCFBB-4E23-4C00-B26F-07A6E4FE654B" /* ofxDropdownOption.cpp in Sources */ = {isa = PBXBuildFile; fileRef = "592E0C3C-188D-4C9D-A985-5D30BA757765" /* ofxDropdownOption.cpp */; };
		"5E8AD108-0BEA-417C-8DC4-12EFDD004996" /* ofxSliderGroup.cpp in Sources */ = {isa = PBXBuildFile; fileRef = "D2640F0C-DDF8-480A-BCE0-341D01F817F8" /* ofxSliderGroup.cpp */; };
		"69FCCAB1-9308-4497-BC2E-9CCB2A39167A" /* ofxColorPicker.cpp in Sources */ = {isa = PBXBuildFile; fileRef = "F0D62BCA-6075-44E5-9B8A-4921AD3414B4" /* ofxColorPicker.cpp */; };
		"73AB33E2-64FA-4A0B-A2DC-4DD3AF9C145D" /* LiveView.cpp in Sources */ = {isa = PBXBuildFile; fileRef = "B95FD5D3-AC2D-4CBE-B610-F7E3D75B5115" /* LiveView.cpp */; };
		"77DAA348-C650-4C5E-80CA-1FAACFE5A158" /* Controller.cpp in Sources */ = {isa = PBXBuildFile; fileRef = "3E75A459-F517-4F0B-9DDE-B68FAE261017" /* Controller.cpp */; };
		"80C605FF-BE5D-43FF-940F-364E53C60221" /* ofxInputField.cpp in Sources */ = {isa = PBXBuildFile; fileRef = "EA4B6B7C-A2B4-4454-A400-610FD995C1C6" /* ofxInputField.cpp */; };
		"9048D83F-E290-40E6-B65A-77FF03FD61A6" /* ofxBaseGui.cpp in Sources */ = {isa = PBXBuildFile; fileRef = "D2488CA6-CBDF-4136-BEDD-614D1E4ABCB4" /* ofxBaseGui.cpp */; };
		"B8903E47-B7BF-4138-860B-0C3EAC9E68D4" /* JSON.cpp in Sources */ = {isa = PBXBuildFile; fileRef = "DC27638D-959E-454E-9308-1C68A3380E3E" /* JSON.cpp */; };
		"BCB079CB-4A6F-41BB-B48E-816588E471BF" /* ofxToggle.cpp in Sources */ = {isa = PBXBuildFile; fileRef = "050EBF01-9F28-4C70-953B-7838CF112A49" /* ofxToggle.cpp */; };
		"CF550424-EA49-4D7A-A139-00845072DAB8" /* ofxPanel.cpp in Sources */ = {isa = PBXBuildFile; fileRef = "36FC7067-6E02-4CBB-AC59-AB96422B8C5C" /* ofxPanel.cpp */; };
		"D1C98357-FB8D-4217-9464-BD0E2074EEDC" /* GenAnalysis.cpp in Sources */ = {isa = PBXBuildFile; fileRef = "5E1D0366-E309-4EBB-A058-D4A82DB093F8" /* GenAnalysis.cpp */; };
		E4B69E200A3A1BDC003C02F2 /* main.cpp in Sources */ = {isa = PBXBuildFile; fileRef = E4B69E1D0A3A1BDC003C02F2 /* main.cpp */; };
		E4B69E210A3A1BDC003C02F2 /* ofApp.cpp in Sources */ = {isa = PBXBuildFile; fileRef = E4B69E1E0A3A1BDC003C02F2 /* ofApp.cpp */; };
		"E7809636-7AE4-4DF7-B87D-97768E73E8ED" /* ExplorerMenu.cpp in Sources */ = {isa = PBXBuildFile; fileRef = "7CDC9433-5F0D-4677-BB8F-D1B816D05412" /* ExplorerMenu.cpp */; };
		E80A15F42BFB91BE002F19C1 /* libfoonathan_memory-0.7.3.a in Frameworks */ = {isa = PBXBuildFile; fileRef = E80A15F32BFB91BE002F19C1 /* libfoonathan_memory-0.7.3.a */; };
		E856DF7F2C86094100E271F6 /* AudioFileLoader.cpp in Sources */ = {isa = PBXBuildFile; fileRef = E856DF7E2C86094100E271F6 /* AudioFileLoader.cpp */; };
		E856DF822C86094F00E271F6 /* AudioPlayback.cpp in Sources */ = {isa = PBXBuildFile; fileRef = E856DF812C86094F00E271F6 /* AudioPlayback.cpp */; };
		"EEFF4AB7-4F58-48BF-A482-B5F06F550DD2" /* ofxButton.cpp in Sources */ = {isa = PBXBuildFile; fileRef = "A7B1CD76-8E07-42B3-866B-33461928C5FF" /* ofxButton.cpp */; };
		"F8397AC1-2FFB-44DF-B424-3CE335A760CE" /* ofxLabel.cpp in Sources */ = {isa = PBXBuildFile; fileRef = "FC6DEDC8-42D1-4FD1-80EF-127571DF2A6B" /* ofxLabel.cpp */; };
		"FE06EFD9-4692-4F02-B12B-5BBEE65A7A1A" /* PointPicker.cpp in Sources */ = {isa = PBXBuildFile; fileRef = "49481083-C4E2-4912-AF05-F4AD94ECDD7A" /* PointPicker.cpp */; };
		"FF9C6826-D35D-4DA2-990D-86725420AA97" /* RawView.cpp in Sources */ = {isa = PBXBuildFile; fileRef = "6B6A8646-68F7-495D-859B-1E39CB9C581F" /* RawView.cpp */; };
/* End PBXBuildFile section */

/* Begin PBXCopyFilesBuildPhase section */
		E4A5B60F29BAAAE400C2D356 /* CopyFiles */ = {
			isa = PBXCopyFilesBuildPhase;
			buildActionMask = 2147483647;
			dstPath = "";
			dstSubfolderSpec = 6;
			files = (
			);
			runOnlyForDeploymentPostprocessing = 0;
		};
		E4C2427710CC5ABF004149E2 /* CopyFiles */ = {
			isa = PBXCopyFilesBuildPhase;
			buildActionMask = 2147483647;
			dstPath = "";
			dstSubfolderSpec = 10;
			files = (
			);
			runOnlyForDeploymentPostprocessing = 0;
		};
/* End PBXCopyFilesBuildPhase section */

/* Begin PBXFileReference section */
		"050EBF01-9F28-4C70-953B-7838CF112A49" /* ofxToggle.cpp */ = {isa = PBXFileReference; explicitFileType = sourcecode.cpp.cpp; fileEncoding = 4; name = ofxToggle.cpp; path = ../../../addons/ofxGui/src/ofxToggle.cpp; sourceTree = SOURCE_ROOT; };
		"0717C087-E2B2-4205-9247-26BFAE030FA7" /* dr_mp3.h */ = {isa = PBXFileReference; explicitFileType = sourcecode.c.h; fileEncoding = 4; name = dr_mp3.h; path = ../../../addons/ofxAudioFile/libs/dr_mp3.h; sourceTree = SOURCE_ROOT; };
		"0C76D934-E26D-427B-90A6-0805152DC601" /* JSON.h */ = {isa = PBXFileReference; explicitFileType = sourcecode.c.h; fileEncoding = 4; name = JSON.h; path = src/Utils/JSON.h; sourceTree = SOURCE_ROOT; };
		"112BE6E5-D97E-4D93-88FC-AE4AE82EB2FF" /* ofxLabel.h */ = {isa = PBXFileReference; explicitFileType = sourcecode.c.h; fileEncoding = 4; name = ofxLabel.h; path = ../../../addons/ofxGui/src/ofxLabel.h; sourceTree = SOURCE_ROOT; };
		"12DF4B1A-123B-43D1-B3EE-6E8704DEE3AE" /* ExplorerMenu.h */ = {isa = PBXFileReference; explicitFileType = sourcecode.c.h; fileEncoding = 4; name = ExplorerMenu.h; path = src/ExplorerMenu.h; sourceTree = SOURCE_ROOT; };
		191CD6FA2847E21E0085CBB6 /* of.entitlements */ = {isa = PBXFileReference; fileEncoding = 4; lastKnownFileType = text.plist.entitlements; path = of.entitlements; sourceTree = "<group>"; };
		191EF70929D778A400F35F26 /* openFrameworks */ = {isa = PBXFileReference; lastKnownFileType = folder; name = openFrameworks; path = ../../../libs/openFrameworks; sourceTree = SOURCE_ROOT; };
		"23B0128D-A418-4DBA-B00C-FB3128BC87B6" /* DatasetConversion.cpp */ = {isa = PBXFileReference; explicitFileType = sourcecode.cpp.cpp; fileEncoding = 4; name = DatasetConversion.cpp; path = src/Utils/DatasetConversion.cpp; sourceTree = SOURCE_ROOT; };
		"2C3AA27A-C23E-4BE7-A12F-57DE81E18A31" /* ofxDropdown.cpp */ = {isa = PBXFileReference; explicitFileType = sourcecode.cpp.cpp; fileEncoding = 4; name = ofxDropdown.cpp; path = ../../../addons/ofxDropdown/src/ofxDropdown.cpp; sourceTree = SOURCE_ROOT; };
		"2D61B1DF-1EE9-4D03-9ABE-A6F2EBB39FDA" /* Data.h */ = {isa = PBXFileReference; explicitFileType = sourcecode.c.h; fileEncoding = 4; name = Data.h; path = src/Utils/Data.h; sourceTree = SOURCE_ROOT; };
		"2F6ABFB0-47F9-46A8-B1BE-9DE0102BD21D" /* ofxDropdownOption.hpp */ = {isa = PBXFileReference; explicitFileType = sourcecode.c.h; fileEncoding = 4; name = ofxDropdownOption.hpp; path = ../../../addons/ofxDropdown/src/ofxDropdownOption.hpp; sourceTree = SOURCE_ROOT; };
		"318F1651-902D-4914-825B-C0037CF3678E" /* RawView.h */ = {isa = PBXFileReference; explicitFileType = sourcecode.c.h; fileEncoding = 4; name = RawView.h; path = src/Explorer/RawView.h; sourceTree = SOURCE_ROOT; };
		"36FC7067-6E02-4CBB-AC59-AB96422B8C5C" /* ofxPanel.cpp */ = {isa = PBXFileReference; explicitFileType = sourcecode.cpp.cpp; fileEncoding = 4; name = ofxPanel.cpp; path = ../../../addons/ofxGui/src/ofxPanel.cpp; sourceTree = SOURCE_ROOT; };
		"3E75A459-F517-4F0B-9DDE-B68FAE261017" /* Controller.cpp */ = {isa = PBXFileReference; explicitFileType = sourcecode.cpp.cpp; fileEncoding = 4; name = Controller.cpp; path = src/Analyser/Controller.cpp; sourceTree = SOURCE_ROOT; };
		"45675A41-A897-4F8F-94DC-86672D152693" /* AnalyserMenu.cpp */ = {isa = PBXFileReference; explicitFileType = sourcecode.cpp.cpp; fileEncoding = 4; name = AnalyserMenu.cpp; path = src/AnalyserMenu.cpp; sourceTree = SOURCE_ROOT; };
		"475B10DE-802E-406D-A691-42F623542D1D" /* ofxGuiGroup.h */ = {isa = PBXFileReference; explicitFileType = sourcecode.c.h; fileEncoding = 4; name = ofxGuiGroup.h; path = ../../../addons/ofxGui/src/ofxGuiGroup.h; sourceTree = SOURCE_ROOT; };
		"49481083-C4E2-4912-AF05-F4AD94ECDD7A" /* PointPicker.cpp */ = {isa = PBXFileReference; explicitFileType = sourcecode.cpp.cpp; fileEncoding = 4; name = PointPicker.cpp; path = src/Explorer/PointPicker.cpp; sourceTree = SOURCE_ROOT; };
		"4D4D38AE-972F-4AEA-A0F7-9E8A35A4D714" /* ofxPanel.h */ = {isa = PBXFileReference; explicitFileType = sourcecode.c.h; fileEncoding = 4; name = ofxPanel.h; path = ../../../addons/ofxGui/src/ofxPanel.h; sourceTree = SOURCE_ROOT; };
		"4E0A60AF-5871-4882-BDDF-2AC5BB3E741C" /* GenAnalysis.h */ = {isa = PBXFileReference; explicitFileType = sourcecode.c.h; fileEncoding = 4; name = GenAnalysis.h; path = src/Analyser/GenAnalysis.h; sourceTree = SOURCE_ROOT; };
		"4F667B57-3005-4283-A0A5-673A65E573BF" /* ofxSlider.h */ = {isa = PBXFileReference; explicitFileType = sourcecode.c.h; fileEncoding = 4; name = ofxSlider.h; path = ../../../addons/ofxGui/src/ofxSlider.h; sourceTree = SOURCE_ROOT; };
		"556E0D65-5F7B-4791-BFCA-1192FB257CD9" /* ofxDropdown.h */ = {isa = PBXFileReference; explicitFileType = sourcecode.c.h; fileEncoding = 4; name = ofxDropdown.h; path = ../../../addons/ofxDropdown/src/ofxDropdown.h; sourceTree = SOURCE_ROOT; };
		"592E0C3C-188D-4C9D-A985-5D30BA757765" /* ofxDropdownOption.cpp */ = {isa = PBXFileReference; explicitFileType = sourcecode.cpp.cpp; fileEncoding = 4; name = ofxDropdownOption.cpp; path = ../../../addons/ofxDropdown/src/ofxDropdownOption.cpp; sourceTree = SOURCE_ROOT; };
		"5E1D0366-E309-4EBB-A058-D4A82DB093F8" /* GenAnalysis.cpp */ = {isa = PBXFileReference; explicitFileType = sourcecode.cpp.cpp; fileEncoding = 4; name = GenAnalysis.cpp; path = src/Analyser/GenAnalysis.cpp; sourceTree = SOURCE_ROOT; };
		"5E60C3EB-CBAB-4E68-8E0D-8A1B4CF55506" /* ofxAudioFile.h */ = {isa = PBXFileReference; explicitFileType = sourcecode.c.h; fileEncoding = 4; name = ofxAudioFile.h; path = ../../../addons/ofxAudioFile/src/ofxAudioFile.h; sourceTree = SOURCE_ROOT; };
		"61A4E962-B5F6-4C37-A003-3CAA7C1EE632" /* dr_wav.h */ = {isa = PBXFileReference; explicitFileType = sourcecode.c.h; fileEncoding = 4; name = dr_wav.h; path = ../../../addons/ofxAudioFile/libs/dr_wav.h; sourceTree = SOURCE_ROOT; };
		"626D6E95-1E42-4712-80A8-5F0035A4D9E0" /* stb_vorbis.h */ = {isa = PBXFileReference; explicitFileType = sourcecode.c.h; fileEncoding = 4; name = stb_vorbis.h; path = ../../../addons/ofxAudioFile/libs/stb_vorbis.h; sourceTree = SOURCE_ROOT; };
		"6943E814-0141-4C36-B727-0407A854B44C" /* SpaceDefs.h */ = {isa = PBXFileReference; explicitFileType = sourcecode.c.h; fileEncoding = 4; name = SpaceDefs.h; path = src/Explorer/SpaceDefs.h; sourceTree = SOURCE_ROOT; };
		"6B6A8646-68F7-495D-859B-1E39CB9C581F" /* RawView.cpp */ = {isa = PBXFileReference; explicitFileType = sourcecode.cpp.cpp; fileEncoding = 4; name = RawView.cpp; path = src/Explorer/RawView.cpp; sourceTree = SOURCE_ROOT; };
		"76AB4993-F255-460C-B73B-D55EBFCF8C44" /* ofxGuiUtils.h */ = {isa = PBXFileReference; explicitFileType = sourcecode.c.h; fileEncoding = 4; name = ofxGuiUtils.h; path = ../../../addons/ofxGui/src/ofxGuiUtils.h; sourceTree = SOURCE_ROOT; };
		"77FF71DC-524D-4F3C-8F09-52A5458B02A3" /* ofxAudioFile.cpp */ = {isa = PBXFileReference; explicitFileType = sourcecode.cpp.cpp; fileEncoding = 4; name = ofxAudioFile.cpp; path = ../../../addons/ofxAudioFile/src/ofxAudioFile.cpp; sourceTree = SOURCE_ROOT; };
		"7CDC9433-5F0D-4677-BB8F-D1B816D05412" /* ExplorerMenu.cpp */ = {isa = PBXFileReference; explicitFileType = sourcecode.cpp.cpp; fileEncoding = 4; name = ExplorerMenu.cpp; path = src/ExplorerMenu.cpp; sourceTree = SOURCE_ROOT; };
		"818EF664-A920-4B56-96B9-E926B442E4DA" /* ofxGui.h */ = {isa = PBXFileReference; explicitFileType = sourcecode.c.h; fileEncoding = 4; name = ofxGui.h; path = ../../../addons/ofxGui/src/ofxGui.h; sourceTree = SOURCE_ROOT; };
		"8684441F-4465-4E5D-ACD8-D8005C5F3990" /* ofxColorPicker.h */ = {isa = PBXFileReference; explicitFileType = sourcecode.c.h; fileEncoding = 4; name = ofxColorPicker.h; path = ../../../addons/ofxGui/src/ofxColorPicker.h; sourceTree = SOURCE_ROOT; };
		"8A6B1D40-A668-46FC-89DA-FCE450814301" /* UMAP.cpp */ = {isa = PBXFileReference; explicitFileType = sourcecode.cpp.cpp; fileEncoding = 4; name = UMAP.cpp; path = src/Analyser/UMAP.cpp; sourceTree = SOURCE_ROOT; };
		"8B7554CC-97A7-49E0-90C5-1A16B09A3450" /* Controller.h */ = {isa = PBXFileReference; explicitFileType = sourcecode.c.h; fileEncoding = 4; name = Controller.h; path = src/Analyser/Controller.h; sourceTree = SOURCE_ROOT; };
		"8FAA28A2-55B8-427A-9E12-53AFB04BB134" /* UMAP.h */ = {isa = PBXFileReference; explicitFileType = sourcecode.c.h; fileEncoding = 4; name = UMAP.h; path = src/Analyser/UMAP.h; sourceTree = SOURCE_ROOT; };
		"92D7AA24-CC2C-4A0C-8A55-D17A7948171A" /* DatasetConversion.h */ = {isa = PBXFileReference; explicitFileType = sourcecode.c.h; fileEncoding = 4; name = DatasetConversion.h; path = src/Utils/DatasetConversion.h; sourceTree = SOURCE_ROOT; };
		"93961802-A2DA-488A-8F68-5CCC3A8BE289" /* ofxInputField.h */ = {isa = PBXFileReference; explicitFileType = sourcecode.c.h; fileEncoding = 4; name = ofxInputField.h; path = ../../../addons/ofxGui/src/ofxInputField.h; sourceTree = SOURCE_ROOT; };
		"9F7CA9FD-BBB9-4A1D-848C-9BAB50F9CFB3" /* ofxSliderGroup.h */ = {isa = PBXFileReference; explicitFileType = sourcecode.c.h; fileEncoding = 4; name = ofxSliderGroup.h; path = ../../../addons/ofxGui/src/ofxSliderGroup.h; sourceTree = SOURCE_ROOT; };
		"A7B1CD76-8E07-42B3-866B-33461928C5FF" /* ofxButton.cpp */ = {isa = PBXFileReference; explicitFileType = sourcecode.cpp.cpp; fileEncoding = 4; name = ofxButton.cpp; path = ../../../addons/ofxGui/src/ofxButton.cpp; sourceTree = SOURCE_ROOT; };
		"AD99D1ED-FCBD-4162-BD01-8D20B2865633" /* ofxSlider.cpp */ = {isa = PBXFileReference; explicitFileType = sourcecode.cpp.cpp; fileEncoding = 4; name = ofxSlider.cpp; path = ../../../addons/ofxGui/src/ofxSlider.cpp; sourceTree = SOURCE_ROOT; };
		"B95FD5D3-AC2D-4CBE-B610-F7E3D75B5115" /* LiveView.cpp */ = {isa = PBXFileReference; explicitFileType = sourcecode.cpp.cpp; fileEncoding = 4; name = LiveView.cpp; path = src/Explorer/LiveView.cpp; sourceTree = SOURCE_ROOT; };
		"BE86EB0C-19D5-4F3A-86E8-681E4CE48129" /* InterfaceDefs.h */ = {isa = PBXFileReference; explicitFileType = sourcecode.c.h; fileEncoding = 4; name = InterfaceDefs.h; path = src/Utils/InterfaceDefs.h; sourceTree = SOURCE_ROOT; };
		"BF885139-0B19-46D1-A498-9E269118AC82" /* ofxBaseGui.h */ = {isa = PBXFileReference; explicitFileType = sourcecode.c.h; fileEncoding = 4; name = ofxBaseGui.h; path = ../../../addons/ofxGui/src/ofxBaseGui.h; sourceTree = SOURCE_ROOT; };
		"C2643540-BE82-45CE-95B5-85E3D2FF4317" /* ofxToggle.h */ = {isa = PBXFileReference; explicitFileType = sourcecode.c.h; fileEncoding = 4; name = ofxToggle.h; path = ../../../addons/ofxGui/src/ofxToggle.h; sourceTree = SOURCE_ROOT; };
		"C30CF47B-2887-4D9D-B064-E9F3728B4BE1" /* LiveView.h */ = {isa = PBXFileReference; explicitFileType = sourcecode.c.h; fileEncoding = 4; name = LiveView.h; path = src/Explorer/LiveView.h; sourceTree = SOURCE_ROOT; };
		"C3773A08-17E8-4ABD-84F9-BC91E22C331E" /* ofxGuiGroup.cpp */ = {isa = PBXFileReference; explicitFileType = sourcecode.cpp.cpp; fileEncoding = 4; name = ofxGuiGroup.cpp; path = ../../../addons/ofxGui/src/ofxGuiGroup.cpp; sourceTree = SOURCE_ROOT; };
		"CBCFB20A-A2E7-409E-86FC-C31D769D8132" /* dr_flac.h */ = {isa = PBXFileReference; explicitFileType = sourcecode.c.h; fileEncoding = 4; name = dr_flac.h; path = ../../../addons/ofxAudioFile/libs/dr_flac.h; sourceTree = SOURCE_ROOT; };
		"D2488CA6-CBDF-4136-BEDD-614D1E4ABCB4" /* ofxBaseGui.cpp */ = {isa = PBXFileReference; explicitFileType = sourcecode.cpp.cpp; fileEncoding = 4; name = ofxBaseGui.cpp; path = ../../../addons/ofxGui/src/ofxBaseGui.cpp; sourceTree = SOURCE_ROOT; };
		"D2640F0C-DDF8-480A-BCE0-341D01F817F8" /* ofxSliderGroup.cpp */ = {isa = PBXFileReference; explicitFileType = sourcecode.cpp.cpp; fileEncoding = 4; name = ofxSliderGroup.cpp; path = ../../../addons/ofxGui/src/ofxSliderGroup.cpp; sourceTree = SOURCE_ROOT; };
		"DAB659A3-AB0A-4369-8C77-5E8BEDA5CFCA" /* PointPicker.h */ = {isa = PBXFileReference; explicitFileType = sourcecode.c.h; fileEncoding = 4; name = PointPicker.h; path = src/Explorer/PointPicker.h; sourceTree = SOURCE_ROOT; };
		"DC27638D-959E-454E-9308-1C68A3380E3E" /* JSON.cpp */ = {isa = PBXFileReference; explicitFileType = sourcecode.cpp.cpp; fileEncoding = 4; name = JSON.cpp; path = src/Utils/JSON.cpp; sourceTree = SOURCE_ROOT; };
		"E03EBDAB-831B-4312-BA84-94E6F44B3925" /* DimensionBounds.h */ = {isa = PBXFileReference; explicitFileType = sourcecode.c.h; fileEncoding = 4; name = DimensionBounds.h; path = src/Utils/DimensionBounds.h; sourceTree = SOURCE_ROOT; };
		E4B69E1D0A3A1BDC003C02F2 /* main.cpp */ = {isa = PBXFileReference; fileEncoding = 4; lastKnownFileType = sourcecode.cpp.cpp; name = main.cpp; path = src/main.cpp; sourceTree = SOURCE_ROOT; };
		E4B69E1E0A3A1BDC003C02F2 /* ofApp.cpp */ = {isa = PBXFileReference; explicitFileType = sourcecode.cpp.cpp; fileEncoding = 4; name = ofApp.cpp; path = src/ofApp.cpp; sourceTree = SOURCE_ROOT; };
		E4B69E1F0A3A1BDC003C02F2 /* ofApp.h */ = {isa = PBXFileReference; fileEncoding = 4; lastKnownFileType = sourcecode.c.h; name = ofApp.h; path = src/ofApp.h; sourceTree = SOURCE_ROOT; };
		E4B6FCAD0C3E899E008CF71C /* openFrameworks-Info.plist */ = {isa = PBXFileReference; fileEncoding = 4; lastKnownFileType = text.plist.xml; path = "openFrameworks-Info.plist"; sourceTree = "<group>"; };
		E4EB6923138AFD0F00A09F29 /* Project.xcconfig */ = {isa = PBXFileReference; fileEncoding = 4; lastKnownFileType = text.xcconfig; path = Project.xcconfig; sourceTree = "<group>"; };
		E80A15F32BFB91BE002F19C1 /* libfoonathan_memory-0.7.3.a */ = {isa = PBXFileReference; lastKnownFileType = archive.ar; name = "libfoonathan_memory-0.7.3.a"; path = "libs/libfoonathan_memory-0.7.3.a"; sourceTree = "<group>"; };
		E856DF7C2C8600D800E271F6 /* acorexDebug.app */ = {isa = PBXFileReference; explicitFileType = wrapper.application; includeInIndex = 0; path = acorexDebug.app; sourceTree = BUILT_PRODUCTS_DIR; };
		E856DF7D2C86094100E271F6 /* AudioFileLoader.h */ = {isa = PBXFileReference; fileEncoding = 4; lastKnownFileType = sourcecode.c.h; path = AudioFileLoader.h; sourceTree = "<group>"; };
		E856DF7E2C86094100E271F6 /* AudioFileLoader.cpp */ = {isa = PBXFileReference; fileEncoding = 4; lastKnownFileType = sourcecode.cpp.cpp; path = AudioFileLoader.cpp; sourceTree = "<group>"; };
		E856DF802C86094F00E271F6 /* AudioPlayback.h */ = {isa = PBXFileReference; fileEncoding = 4; lastKnownFileType = sourcecode.c.h; path = AudioPlayback.h; sourceTree = "<group>"; };
		E856DF812C86094F00E271F6 /* AudioPlayback.cpp */ = {isa = PBXFileReference; fileEncoding = 4; lastKnownFileType = sourcecode.cpp.cpp; path = AudioPlayback.cpp; sourceTree = "<group>"; };
		"EA4B6B7C-A2B4-4454-A400-610FD995C1C6" /* ofxInputField.cpp */ = {isa = PBXFileReference; explicitFileType = sourcecode.cpp.cpp; fileEncoding = 4; name = ofxInputField.cpp; path = ../../../addons/ofxGui/src/ofxInputField.cpp; sourceTree = SOURCE_ROOT; };
		"EF3B24EB-6DC1-46CD-AC5A-DC8979DCC11B" /* ofxButton.h */ = {isa = PBXFileReference; explicitFileType = sourcecode.c.h; fileEncoding = 4; name = ofxButton.h; path = ../../../addons/ofxGui/src/ofxButton.h; sourceTree = SOURCE_ROOT; };
		"EFD8C9E5-18E4-4274-91B6-8087839CFB1B" /* AnalyserMenu.h */ = {isa = PBXFileReference; explicitFileType = sourcecode.c.h; fileEncoding = 4; name = AnalyserMenu.h; path = src/AnalyserMenu.h; sourceTree = SOURCE_ROOT; };
		"F0D62BCA-6075-44E5-9B8A-4921AD3414B4" /* ofxColorPicker.cpp */ = {isa = PBXFileReference; explicitFileType = sourcecode.cpp.cpp; fileEncoding = 4; name = ofxColorPicker.cpp; path = ../../../addons/ofxGui/src/ofxColorPicker.cpp; sourceTree = SOURCE_ROOT; };
		"FC6DEDC8-42D1-4FD1-80EF-127571DF2A6B" /* ofxLabel.cpp */ = {isa = PBXFileReference; explicitFileType = sourcecode.cpp.cpp; fileEncoding = 4; name = ofxLabel.cpp; path = ../../../addons/ofxGui/src/ofxLabel.cpp; sourceTree = SOURCE_ROOT; };
/* End PBXFileReference section */

/* Begin PBXFrameworksBuildPhase section */
		E4B69B590A3A1756003C02F2 /* Frameworks */ = {
			isa = PBXFrameworksBuildPhase;
			buildActionMask = 2147483647;
			files = (
				E80A15F42BFB91BE002F19C1 /* libfoonathan_memory-0.7.3.a in Frameworks */,
			);
			runOnlyForDeploymentPostprocessing = 0;
		};
/* End PBXFrameworksBuildPhase section */

/* Begin PBXGroup section */
		"3996036F-C8B8-4EF1-9A7C-5DACB9D51C2D" /* src */ = {
			isa = PBXGroup;
			children = (
				"D2488CA6-CBDF-4136-BEDD-614D1E4ABCB4" /* ofxBaseGui.cpp */,
				"BF885139-0B19-46D1-A498-9E269118AC82" /* ofxBaseGui.h */,
				"A7B1CD76-8E07-42B3-866B-33461928C5FF" /* ofxButton.cpp */,
				"EF3B24EB-6DC1-46CD-AC5A-DC8979DCC11B" /* ofxButton.h */,
				"F0D62BCA-6075-44E5-9B8A-4921AD3414B4" /* ofxColorPicker.cpp */,
				"8684441F-4465-4E5D-ACD8-D8005C5F3990" /* ofxColorPicker.h */,
				"818EF664-A920-4B56-96B9-E926B442E4DA" /* ofxGui.h */,
				"C3773A08-17E8-4ABD-84F9-BC91E22C331E" /* ofxGuiGroup.cpp */,
				"475B10DE-802E-406D-A691-42F623542D1D" /* ofxGuiGroup.h */,
				"76AB4993-F255-460C-B73B-D55EBFCF8C44" /* ofxGuiUtils.h */,
				"EA4B6B7C-A2B4-4454-A400-610FD995C1C6" /* ofxInputField.cpp */,
				"93961802-A2DA-488A-8F68-5CCC3A8BE289" /* ofxInputField.h */,
				"FC6DEDC8-42D1-4FD1-80EF-127571DF2A6B" /* ofxLabel.cpp */,
				"112BE6E5-D97E-4D93-88FC-AE4AE82EB2FF" /* ofxLabel.h */,
				"36FC7067-6E02-4CBB-AC59-AB96422B8C5C" /* ofxPanel.cpp */,
				"4D4D38AE-972F-4AEA-A0F7-9E8A35A4D714" /* ofxPanel.h */,
				"AD99D1ED-FCBD-4162-BD01-8D20B2865633" /* ofxSlider.cpp */,
				"4F667B57-3005-4283-A0A5-673A65E573BF" /* ofxSlider.h */,
				"D2640F0C-DDF8-480A-BCE0-341D01F817F8" /* ofxSliderGroup.cpp */,
				"9F7CA9FD-BBB9-4A1D-848C-9BAB50F9CFB3" /* ofxSliderGroup.h */,
				"050EBF01-9F28-4C70-953B-7838CF112A49" /* ofxToggle.cpp */,
				"C2643540-BE82-45CE-95B5-85E3D2FF4317" /* ofxToggle.h */,
			);
			name = src;
			path = ../../../addons/ofxGui/src;
			sourceTree = SOURCE_ROOT;
		};
		"42721FF3-BD60-43D4-BD18-00ECC0689677" /* ofxDropdown */ = {
			isa = PBXGroup;
			children = (
				"76C22F2E-30B6-4622-B692-0235F95CC0EC" /* src */,
			);
			name = ofxDropdown;
			path = ../../../addons/ofxDropdown;
			sourceTree = SOURCE_ROOT;
		};
		"558105A1-53C0-4D75-89CC-492CF6C189CE" /* Explorer */ = {
			isa = PBXGroup;
			children = (
				E856DF812C86094F00E271F6 /* AudioPlayback.cpp */,
				E856DF802C86094F00E271F6 /* AudioPlayback.h */,
				"B95FD5D3-AC2D-4CBE-B610-F7E3D75B5115" /* LiveView.cpp */,
				"C30CF47B-2887-4D9D-B064-E9F3728B4BE1" /* LiveView.h */,
				"49481083-C4E2-4912-AF05-F4AD94ECDD7A" /* PointPicker.cpp */,
				"DAB659A3-AB0A-4369-8C77-5E8BEDA5CFCA" /* PointPicker.h */,
				"6B6A8646-68F7-495D-859B-1E39CB9C581F" /* RawView.cpp */,
				"318F1651-902D-4914-825B-C0037CF3678E" /* RawView.h */,
				"6943E814-0141-4C36-B727-0407A854B44C" /* SpaceDefs.h */,
			);
			name = Explorer;
			path = src/Explorer;
			sourceTree = SOURCE_ROOT;
		};
		"6219D570-34B9-4181-95DA-B25DFB38C1BA" /* ofxGui */ = {
			isa = PBXGroup;
			children = (
				"3996036F-C8B8-4EF1-9A7C-5DACB9D51C2D" /* src */,
			);
			name = ofxGui;
			path = ../../../addons/ofxGui;
			sourceTree = SOURCE_ROOT;
		};
		"76C22F2E-30B6-4622-B692-0235F95CC0EC" /* src */ = {
			isa = PBXGroup;
			children = (
				"2C3AA27A-C23E-4BE7-A12F-57DE81E18A31" /* ofxDropdown.cpp */,
				"556E0D65-5F7B-4791-BFCA-1192FB257CD9" /* ofxDropdown.h */,
				"592E0C3C-188D-4C9D-A985-5D30BA757765" /* ofxDropdownOption.cpp */,
				"2F6ABFB0-47F9-46A8-B1BE-9DE0102BD21D" /* ofxDropdownOption.hpp */,
			);
			name = src;
			path = ../../../addons/ofxDropdown/src;
			sourceTree = SOURCE_ROOT;
		};
		"90E8A1A0-60B4-4DD1-A95A-14373F41C5D7" /* src */ = {
			isa = PBXGroup;
			children = (
				"77FF71DC-524D-4F3C-8F09-52A5458B02A3" /* ofxAudioFile.cpp */,
				"5E60C3EB-CBAB-4E68-8E0D-8A1B4CF55506" /* ofxAudioFile.h */,
			);
			name = src;
			path = ../../../addons/ofxAudioFile/src;
			sourceTree = SOURCE_ROOT;
		};
		"99A8E0DB-A6FF-4B79-B8C2-22AB94A883D6" /* ofxAudioFile */ = {
			isa = PBXGroup;
			children = (
				"A0F47E86-28B8-46E5-A66D-03802D6C5B16" /* libs */,
				"90E8A1A0-60B4-4DD1-A95A-14373F41C5D7" /* src */,
			);
			name = ofxAudioFile;
			path = ../../../addons/ofxAudioFile;
			sourceTree = SOURCE_ROOT;
		};
		"A0F47E86-28B8-46E5-A66D-03802D6C5B16" /* libs */ = {
			isa = PBXGroup;
			children = (
				"CBCFB20A-A2E7-409E-86FC-C31D769D8132" /* dr_flac.h */,
				"0717C087-E2B2-4205-9247-26BFAE030FA7" /* dr_mp3.h */,
				"61A4E962-B5F6-4C37-A003-3CAA7C1EE632" /* dr_wav.h */,
				"626D6E95-1E42-4712-80A8-5F0035A4D9E0" /* stb_vorbis.h */,
			);
			name = libs;
			path = ../../../addons/ofxAudioFile/libs;
			sourceTree = SOURCE_ROOT;
		};
		"A304BADF-EDCF-4F04-826F-FF2321D9F6DC" /* Analyser */ = {
			isa = PBXGroup;
			children = (
				"3E75A459-F517-4F0B-9DDE-B68FAE261017" /* Controller.cpp */,
				"8B7554CC-97A7-49E0-90C5-1A16B09A3450" /* Controller.h */,
				"5E1D0366-E309-4EBB-A058-D4A82DB093F8" /* GenAnalysis.cpp */,
				"4E0A60AF-5871-4882-BDDF-2AC5BB3E741C" /* GenAnalysis.h */,
				"8A6B1D40-A668-46FC-89DA-FCE450814301" /* UMAP.cpp */,
				"8FAA28A2-55B8-427A-9E12-53AFB04BB134" /* UMAP.h */,
			);
			name = Analyser;
			path = src/Analyser;
			sourceTree = SOURCE_ROOT;
		};
		BB4B014C10F69532006C3DED /* addons */ = {
			isa = PBXGroup;
			children = (
				"99A8E0DB-A6FF-4B79-B8C2-22AB94A883D6" /* ofxAudioFile */,
				"42721FF3-BD60-43D4-BD18-00ECC0689677" /* ofxDropdown */,
				"6219D570-34B9-4181-95DA-B25DFB38C1BA" /* ofxGui */,
			);
			name = addons;
			path = ../../../addons;
			sourceTree = "<group>";
		};
		E4B69B4A0A3A1720003C02F2 = {
			isa = PBXGroup;
			children = (
				191CD6FA2847E21E0085CBB6 /* of.entitlements */,
				E4B6FCAD0C3E899E008CF71C /* openFrameworks-Info.plist */,
				E4EB6923138AFD0F00A09F29 /* Project.xcconfig */,
				E4B69E1C0A3A1BDC003C02F2 /* src */,
				191EF70929D778A400F35F26 /* openFrameworks */,
				BB4B014C10F69532006C3DED /* addons */,
				E80A15F22BFB91BE002F19C1 /* Frameworks */,
				E856DF7C2C8600D800E271F6 /* acorexDebug.app */,
			);
			sourceTree = "<group>";
		};
		E4B69E1C0A3A1BDC003C02F2 /* src */ = {
			isa = PBXGroup;
			children = (
				E4B69E1D0A3A1BDC003C02F2 /* main.cpp */,
				E4B69E1E0A3A1BDC003C02F2 /* ofApp.cpp */,
				E4B69E1F0A3A1BDC003C02F2 /* ofApp.h */,
				"A304BADF-EDCF-4F04-826F-FF2321D9F6DC" /* Analyser */,
				"45675A41-A897-4F8F-94DC-86672D152693" /* AnalyserMenu.cpp */,
				"EFD8C9E5-18E4-4274-91B6-8087839CFB1B" /* AnalyserMenu.h */,
				"558105A1-53C0-4D75-89CC-492CF6C189CE" /* Explorer */,
				"7CDC9433-5F0D-4677-BB8F-D1B816D05412" /* ExplorerMenu.cpp */,
				"12DF4B1A-123B-43D1-B3EE-6E8704DEE3AE" /* ExplorerMenu.h */,
				"F09FB266-3969-4333-B7D2-51577D13E11D" /* Utils */,
			);
			path = src;
			sourceTree = SOURCE_ROOT;
		};
		E80A15F22BFB91BE002F19C1 /* Frameworks */ = {
			isa = PBXGroup;
			children = (
				E80A15F32BFB91BE002F19C1 /* libfoonathan_memory-0.7.3.a */,
			);
			name = Frameworks;
			sourceTree = "<group>";
		};
		"F09FB266-3969-4333-B7D2-51577D13E11D" /* Utils */ = {
			isa = PBXGroup;
			children = (
				E856DF7E2C86094100E271F6 /* AudioFileLoader.cpp */,
				E856DF7D2C86094100E271F6 /* AudioFileLoader.h */,
				"2D61B1DF-1EE9-4D03-9ABE-A6F2EBB39FDA" /* Data.h */,
				"23B0128D-A418-4DBA-B00C-FB3128BC87B6" /* DatasetConversion.cpp */,
				"92D7AA24-CC2C-4A0C-8A55-D17A7948171A" /* DatasetConversion.h */,
				"E03EBDAB-831B-4312-BA84-94E6F44B3925" /* DimensionBounds.h */,
				"BE86EB0C-19D5-4F3A-86E8-681E4CE48129" /* InterfaceDefs.h */,
				"DC27638D-959E-454E-9308-1C68A3380E3E" /* JSON.cpp */,
				"0C76D934-E26D-427B-90A6-0805152DC601" /* JSON.h */,
			);
			name = Utils;
			path = src/Utils;
			sourceTree = SOURCE_ROOT;
		};
/* End PBXGroup section */

/* Begin PBXNativeTarget section */
		E4B69B5A0A3A1756003C02F2 /* acorex */ = {
			isa = PBXNativeTarget;
			buildConfigurationList = E4B69B5F0A3A1757003C02F2 /* Build configuration list for PBXNativeTarget "acorex" */;
			buildPhases = (
				E42962A92163ECCD00A6A9E2 /* Run Script — Compile OF */,
				E4B69B580A3A1756003C02F2 /* Sources */,
				E4B69B590A3A1756003C02F2 /* Frameworks */,
				E4C2427710CC5ABF004149E2 /* CopyFiles */,
				E4A5B60F29BAAAE400C2D356 /* CopyFiles */,
				19B789C429E5AB4A0082E9B8 /* ShellScript */,
			);
			buildRules = (
			);
			dependencies = (
			);
			name = acorex;
			productName = myOFApp;
			productReference = E856DF7C2C8600D800E271F6 /* acorexDebug.app */;
			productType = "com.apple.product-type.application";
		};
/* End PBXNativeTarget section */

/* Begin PBXProject section */
		E4B69B4C0A3A1720003C02F2 /* Project object */ = {
			isa = PBXProject;
			attributes = {
				LastUpgradeCheck = 0600;
			};
			buildConfigurationList = E4B69B4D0A3A1720003C02F2 /* Build configuration list for PBXProject "acorex" */;
			compatibilityVersion = "Xcode 3.2";
			developmentRegion = en;
			hasScannedForEncodings = 0;
			knownRegions = (
				en,
				Base,
			);
			mainGroup = E4B69B4A0A3A1720003C02F2;
			productRefGroup = E4B69B4A0A3A1720003C02F2;
			projectDirPath = "";
			projectRoot = "";
			targets = (
				E4B69B5A0A3A1756003C02F2 /* acorex */,
			);
		};
/* End PBXProject section */

/* Begin PBXShellScriptBuildPhase section */
		19B789C429E5AB4A0082E9B8 /* ShellScript */ = {
			isa = PBXShellScriptBuildPhase;
			buildActionMask = 2147483647;
			files = (
			);
			inputFileListPaths = (
			);
			inputPaths = (
			);
			outputFileListPaths = (
			);
			outputPaths = (
			);
			runOnlyForDeploymentPostprocessing = 0;
			shellPath = /bin/sh;
			shellScript = "\"$OF_PATH/scripts/osx/xcode_project.sh\"\n";
			showEnvVarsInLog = 0;
		};
		E42962A92163ECCD00A6A9E2 /* Run Script — Compile OF */ = {
			isa = PBXShellScriptBuildPhase;
			alwaysOutOfDate = 1;
			buildActionMask = 2147483647;
			files = (
			);
			inputPaths = (
			);
			name = "Run Script — Compile OF";
			outputPaths = (
			);
			runOnlyForDeploymentPostprocessing = 0;
			shellPath = /bin/sh;
			shellScript = "echo \"💾 Compiling Openframeworks\"\nxcodebuild -project \"$OF_PATH/libs/openFrameworksCompiled/project/osx/openFrameworksLib.xcodeproj\" -target openFrameworks -configuration \"${CONFIGURATION}\"  CLANG_CXX_LANGUAGE_STANDARD=$CLANG_CXX_LANGUAGE_STANDARD MACOSX_DEPLOYMENT_TARGET=$MACOSX_DEPLOYMENT_TARGET GCC_PREPROCESSOR_DEFINITIONS=$USER_PREPROCESSOR_DEFINITIONS\n";
			showEnvVarsInLog = 0;
		};
/* End PBXShellScriptBuildPhase section */

/* Begin PBXSourcesBuildPhase section */
		E4B69B580A3A1756003C02F2 /* Sources */ = {
			isa = PBXSourcesBuildPhase;
			buildActionMask = 2147483647;
			files = (
				E4B69E200A3A1BDC003C02F2 /* main.cpp in Sources */,
				E4B69E210A3A1BDC003C02F2 /* ofApp.cpp in Sources */,
				"77DAA348-C650-4C5E-80CA-1FAACFE5A158" /* Controller.cpp in Sources */,
				"D1C98357-FB8D-4217-9464-BD0E2074EEDC" /* GenAnalysis.cpp in Sources */,
				"1CF1A6E6-41C3-47BE-9424-D8DB9016E4E1" /* UMAP.cpp in Sources */,
				E856DF7F2C86094100E271F6 /* AudioFileLoader.cpp in Sources */,
				E856DF822C86094F00E271F6 /* AudioPlayback.cpp in Sources */,
				"44177F94-4EE7-4ACD-828C-4485119E3452" /* AnalyserMenu.cpp in Sources */,
				"73AB33E2-64FA-4A0B-A2DC-4DD3AF9C145D" /* LiveView.cpp in Sources */,
				"FE06EFD9-4692-4F02-B12B-5BBEE65A7A1A" /* PointPicker.cpp in Sources */,
				"FF9C6826-D35D-4DA2-990D-86725420AA97" /* RawView.cpp in Sources */,
				"E7809636-7AE4-4DF7-B87D-97768E73E8ED" /* ExplorerMenu.cpp in Sources */,
				"19949035-3559-4285-BE7B-9C007178E4D7" /* DatasetConversion.cpp in Sources */,
				"B8903E47-B7BF-4138-860B-0C3EAC9E68D4" /* JSON.cpp in Sources */,
				"3F0E5FFB-057C-4154-B2D9-47470ECA8522" /* ofxAudioFile.cpp in Sources */,
				"02142BB6-6B19-4F4F-91BB-F21842A2527C" /* ofxDropdown.cpp in Sources */,
				"4F1DCFBB-4E23-4C00-B26F-07A6E4FE654B" /* ofxDropdownOption.cpp in Sources */,
				"9048D83F-E290-40E6-B65A-77FF03FD61A6" /* ofxBaseGui.cpp in Sources */,
				"EEFF4AB7-4F58-48BF-A482-B5F06F550DD2" /* ofxButton.cpp in Sources */,
				"69FCCAB1-9308-4497-BC2E-9CCB2A39167A" /* ofxColorPicker.cpp in Sources */,
				"02BD3443-AD5B-4DBC-A45C-CCBF2E3F7D03" /* ofxGuiGroup.cpp in Sources */,
				"80C605FF-BE5D-43FF-940F-364E53C60221" /* ofxInputField.cpp in Sources */,
				"F8397AC1-2FFB-44DF-B424-3CE335A760CE" /* ofxLabel.cpp in Sources */,
				"CF550424-EA49-4D7A-A139-00845072DAB8" /* ofxPanel.cpp in Sources */,
				"45A5F15C-7950-4381-A4D4-AF31F89FA729" /* ofxSlider.cpp in Sources */,
				"5E8AD108-0BEA-417C-8DC4-12EFDD004996" /* ofxSliderGroup.cpp in Sources */,
				"BCB079CB-4A6F-41BB-B48E-816588E471BF" /* ofxToggle.cpp in Sources */,
			);
			runOnlyForDeploymentPostprocessing = 0;
		};
/* End PBXSourcesBuildPhase section */

/* Begin XCBuildConfiguration section */
		E4B69B4E0A3A1720003C02F2 /* Debug */ = {
			isa = XCBuildConfiguration;
			baseConfigurationReference = E4EB6923138AFD0F00A09F29 /* Project.xcconfig */;
			buildSettings = {
				ARCHS = "$(ARCHS_STANDARD)";
				CODE_SIGN_ENTITLEMENTS = of.entitlements;
				COPY_PHASE_STRIP = NO;
				ENABLE_TESTABILITY = YES;
				GCC_OPTIMIZATION_LEVEL = 0;
				GCC_WARN_UNUSED_VARIABLE = NO;
				HEADER_SEARCH_PATHS = (
					"$(OF_CORE_HEADERS)",
					src,
				);
				MACOSX_DEPLOYMENT_TARGET = 10.15;
				ONLY_ACTIVE_ARCH = NO;
				OTHER_CPLUSPLUSFLAGS = "-D__MACOSX_CORE__";
			};
			name = Debug;
		};
		E4B69B4F0A3A1720003C02F2 /* Release */ = {
			isa = XCBuildConfiguration;
			baseConfigurationReference = E4EB6923138AFD0F00A09F29 /* Project.xcconfig */;
			buildSettings = {
				ARCHS = "$(ARCHS_STANDARD)";
				CODE_SIGN_ENTITLEMENTS = of.entitlements;
				COPY_PHASE_STRIP = YES;
				GCC_OPTIMIZATION_LEVEL = 3;
				GCC_UNROLL_LOOPS = YES;
				HEADER_SEARCH_PATHS = (
					"$(OF_CORE_HEADERS)",
					src,
				);
				MACOSX_DEPLOYMENT_TARGET = 10.15;
				ONLY_ACTIVE_ARCH = NO;
				OTHER_CPLUSPLUSFLAGS = "-D__MACOSX_CORE__";
			};
			name = Release;
		};
		E4B69B600A3A1757003C02F2 /* Debug */ = {
			isa = XCBuildConfiguration;
			baseConfigurationReference = E4EB6923138AFD0F00A09F29 /* Project.xcconfig */;
			buildSettings = {
				ARCHS = "$(ARCHS_STANDARD)";
				"CODE_SIGN_IDENTITY[sdk=macosx*]" = "-";
				COPY_PHASE_STRIP = NO;
				FRAMEWORK_SEARCH_PATHS = "$(inherited)";
				GCC_DYNAMIC_NO_PIC = NO;
				GCC_PREPROCESSOR_DEFINITIONS = USE_OFX_DROPDOWN;
				HEADER_SEARCH_PATHS = (
					"$(OF_CORE_HEADERS)",
					deps/memory,
					"deps/flucoma-core",
					deps/hisstools_library,
					deps,
					"src/**",
					../../../addons/ofxAudioFile/libs,
					../../../addons/ofxAudioFile/src,
					../../../addons/ofxDropdown/src,
					../../../addons/ofxGui/src,
				);
				LIBRARY_SEARCH_PATHS = (
					"$(inherited)",
					"$(PROJECT_DIR)/libs",
				);
				MACOSX_DEPLOYMENT_TARGET = 10.15;
				ONLY_ACTIVE_ARCH = NO;
				OTHER_LDFLAGS = (
					"$(OF_CORE_LIBS)",
					"$(OF_CORE_FRAMEWORKS)",
					"$(LIB_OF_DEBUG)",
				);
			};
			name = Debug;
		};
		E4B69B610A3A1757003C02F2 /* Release */ = {
			isa = XCBuildConfiguration;
			baseConfigurationReference = E4EB6923138AFD0F00A09F29 /* Project.xcconfig */;
			buildSettings = {
				ARCHS = "$(ARCHS_STANDARD)";
				"CODE_SIGN_IDENTITY[sdk=macosx*]" = "-";
				COPY_PHASE_STRIP = YES;
				FRAMEWORK_SEARCH_PATHS = "$(inherited)";
				GCC_PREPROCESSOR_DEFINITIONS = USE_OFX_DROPDOWN;
				HEADER_SEARCH_PATHS = (
					"$(OF_CORE_HEADERS)",
					deps/memory,
					"deps/flucoma-core",
					deps/hisstools_library,
					deps,
					"src/**",
					../../../addons/ofxAudioFile/libs,
					../../../addons/ofxAudioFile/src,
					../../../addons/ofxDropdown/src,
					../../../addons/ofxGui/src,
				);
				LIBRARY_SEARCH_PATHS = (
					"$(inherited)",
					"$(PROJECT_DIR)/libs",
				);
				MACOSX_DEPLOYMENT_TARGET = 10.15;
				ONLY_ACTIVE_ARCH = NO;
				OTHER_LDFLAGS = (
					"$(OF_CORE_LIBS)",
					"$(OF_CORE_FRAMEWORKS)",
					"$(LIB_OF)",
				);
				baseConfigurationReference = E4EB6923138AFD0F00A09F29;
			};
			name = Release;
		};
/* End XCBuildConfiguration section */

/* Begin XCConfigurationList section */
		E4B69B4D0A3A1720003C02F2 /* Build configuration list for PBXProject "acorex" */ = {
			isa = XCConfigurationList;
			buildConfigurations = (
				E4B69B4E0A3A1720003C02F2 /* Debug */,
				E4B69B4F0A3A1720003C02F2 /* Release */,
			);
			defaultConfigurationIsVisible = 0;
			defaultConfigurationName = Release;
		};
		E4B69B5F0A3A1757003C02F2 /* Build configuration list for PBXNativeTarget "acorex" */ = {
			isa = XCConfigurationList;
			buildConfigurations = (
				E4B69B600A3A1757003C02F2 /* Debug */,
				E4B69B610A3A1757003C02F2 /* Release */,
			);
			defaultConfigurationIsVisible = 0;
			defaultConfigurationName = Release;
		};
/* End XCConfigurationList section */
	};
	rootObject = E4B69B4C0A3A1720003C02F2 /* Project object */;
}
